
Microsoft Visual Studio Solution File, Format Version 12.00
# Visual Studio Version 16
VisualStudioVersion = 16.0.30717.126
MinimumVisualStudioVersion = 10.0.40219.1
Project("{FAE04EC0-301F-11D3-BF4B-00C04F79EFBC}") = "Calculator.Business", "Calculator.Business\Calculator.Business.csproj", "{8AE0160F-BC37-4D93-9704-ECDA04367772}"
EndProject
Project("{FAE04EC0-301F-11D3-BF4B-00C04F79EFBC}") = "SpecFlowTest", "SpecFlowTest\SpecFlowTest.csproj", "{120CC8FB-1312-4501-A018-F403B3A1C147}"
EndProject
Project("{FAE04EC0-301F-11D3-BF4B-00C04F79EFBC}") = "ECommerce", "ECommerce\ECommerce.csproj", "{2CD863E9-E913-4876-AB6D-2D4A2AC5E702}"
EndProject
Global
	GlobalSection(SolutionConfigurationPlatforms) = preSolution
		Debug|Any CPU = Debug|Any CPU
		Release|Any CPU = Release|Any CPU
	EndGlobalSection
	GlobalSection(ProjectConfigurationPlatforms) = postSolution
		{8AE0160F-BC37-4D93-9704-ECDA04367772}.Debug|Any CPU.ActiveCfg = Debug|Any CPU
		{8AE0160F-BC37-4D93-9704-ECDA04367772}.Debug|Any CPU.Build.0 = Debug|Any CPU
		{8AE0160F-BC37-4D93-9704-ECDA04367772}.Release|Any CPU.ActiveCfg = Release|Any CPU
		{8AE0160F-BC37-4D93-9704-ECDA04367772}.Release|Any CPU.Build.0 = Release|Any CPU
		{120CC8FB-1312-4501-A018-F403B3A1C147}.Debug|Any CPU.ActiveCfg = Debug|Any CPU
		{120CC8FB-1312-4501-A018-F403B3A1C147}.Debug|Any CPU.Build.0 = Debug|Any CPU
		{120CC8FB-1312-4501-A018-F403B3A1C147}.Release|Any CPU.ActiveCfg = Release|Any CPU
		{120CC8FB-1312-4501-A018-F403B3A1C147}.Release|Any CPU.Build.0 = Release|Any CPU
		{2CD863E9-E913-4876-AB6D-2D4A2AC5E702}.Debug|Any CPU.ActiveCfg = Debug|Any CPU
		{2CD863E9-E913-4876-AB6D-2D4A2AC5E702}.Debug|Any CPU.Build.0 = Debug|Any CPU
		{2CD863E9-E913-4876-AB6D-2D4A2AC5E702}.Release|Any CPU.ActiveCfg = Release|Any CPU
		{2CD863E9-E913-4876-AB6D-2D4A2AC5E702}.Release|Any CPU.Build.0 = Release|Any CPU
	EndGlobalSection
	GlobalSection(SolutionProperties) = preSolution
		HideSolutionNode = FALSE
	EndGlobalSection
	GlobalSection(ExtensibilityGlobals) = postSolution
		SolutionGuid = {943DFE1E-9691-4025-BD4E-A8240B30F41B}
	EndGlobalSection
EndGlobal
